
Microsoft Visual Studio Solution File, Format Version 12.00
# Visual Studio Version 16
VisualStudioVersion = 16.0.33529.622
MinimumVisualStudioVersion = 10.0.40219.1
Project("{8BC9CEB8-8B4A-11D0-8D11-00A0C91BC942}") = "xlog", "xlog\xlog.vcxproj", "{BBFFEE21-3858-482C-8140-E5731CADCE45}"
EndProject
Project("{8BC9CEB8-8B4A-11D0-8D11-00A0C91BC942}") = "cpplearning", "cpplearning\cpplearning.vcxproj", "{1E9B57F1-8DC0-4C8A-9D82-954CACB252A3}"
EndProject
Project("{8BC9CEB8-8B4A-11D0-8D11-00A0C91BC942}") = "vtkmfclearning", "vtkmfclearning\vtkmfclearning.vcxproj", "{EC09288C-7A49-4450-B94A-D6EFB8BE0C33}"
EndProject
Project("{8BC9CEB8-8B4A-11D0-8D11-00A0C91BC942}") = "vtkConsoleLearning", "vtkConsoleLearning\vtkConsoleLearning.vcxproj", "{00FCCBC3-436D-421E-9532-862032931996}"
EndProject
Project("{8BC9CEB8-8B4A-11D0-8D11-00A0C91BC942}") = "mfcTimerLearning", "mfcTimerLearning\mfcTimerLearning.vcxproj", "{B6727667-1BBC-4000-9816-F0F35B1C74E2}"
EndProject
Project("{2150E333-8FDC-42A3-9474-1A3956D46DE8}") = "Include", "Include", "{74F666E3-262B-41DB-94EA-6CF6BCD57750}"
	ProjectSection(SolutionItems) = preProject
		Include\opencv_4.9.0_lib.h = Include\opencv_4.9.0_lib.h
		Include\vtk_8.2.0_lib.h = Include\vtk_8.2.0_lib.h
		Include\xlog.h = Include\xlog.h
	EndProjectSection
EndProject
Project("{8BC9CEB8-8B4A-11D0-8D11-00A0C91BC942}") = "VTK_image_picture_develop-example", "VTK_image_picture_develop-example\VTK_image_picture_develop-example.vcxproj", "{F2D43BA5-E9EC-49FC-A37D-DE6613C17764}"
EndProject
Project("{8BC9CEB8-8B4A-11D0-8D11-00A0C91BC942}") = "opencvConsoleLeaarning", "opencvConsoleLeaarning\opencvConsoleLeaarning.vcxproj", "{0D6B0EBB-F24A-4D73-9C7F-70DD77CF7FCE}"
EndProject
Project("{8BC9CEB8-8B4A-11D0-8D11-00A0C91BC942}") = "opencvMFCLearning", "opencvMFCLearning\opencvMFCLearning.vcxproj", "{98F244E9-9F24-4F7F-8361-55232D9F6FB7}"
EndProject
Project("{8BC9CEB8-8B4A-11D0-8D11-00A0C91BC942}") = "Learning-OpenCV-3_examples", "Learning-OpenCV-3_examples\Learning-OpenCV-3_examples.vcxproj", "{048E8F9B-7ABF-4ECB-9AF6-F61900B72108}"
EndProject
Project("{8BC9CEB8-8B4A-11D0-8D11-00A0C91BC942}") = "dcmtkConsoleLearning", "dcmtkConsoleLearning\dcmtkConsoleLearning.vcxproj", "{1ACDF1F4-3D4C-40BF-BF6B-884BAC9E9374}"
EndProject
Project("{8BC9CEB8-8B4A-11D0-8D11-00A0C91BC942}") = "ConsoleSyntax", "ConsoleSyntax\ConsoleSyntax.vcxproj", "{FA48C463-5F6F-43A5-970E-2AA103123493}"
EndProject
Global
	GlobalSection(SolutionConfigurationPlatforms) = preSolution
		Debug|x64 = Debug|x64
		Debug|x86 = Debug|x86
		Release|x64 = Release|x64
		Release|x86 = Release|x86
	EndGlobalSection
	GlobalSection(ProjectConfigurationPlatforms) = postSolution
		{BBFFEE21-3858-482C-8140-E5731CADCE45}.Debug|x64.ActiveCfg = Debug|x64
		{BBFFEE21-3858-482C-8140-E5731CADCE45}.Debug|x64.Build.0 = Debug|x64
		{BBFFEE21-3858-482C-8140-E5731CADCE45}.Debug|x86.ActiveCfg = Debug|Win32
		{BBFFEE21-3858-482C-8140-E5731CADCE45}.Debug|x86.Build.0 = Debug|Win32
		{BBFFEE21-3858-482C-8140-E5731CADCE45}.Release|x64.ActiveCfg = Release|x64
		{BBFFEE21-3858-482C-8140-E5731CADCE45}.Release|x64.Build.0 = Release|x64
		{BBFFEE21-3858-482C-8140-E5731CADCE45}.Release|x86.ActiveCfg = Release|Win32
		{BBFFEE21-3858-482C-8140-E5731CADCE45}.Release|x86.Build.0 = Release|Win32
		{1E9B57F1-8DC0-4C8A-9D82-954CACB252A3}.Debug|x64.ActiveCfg = Debug|x64
		{1E9B57F1-8DC0-4C8A-9D82-954CACB252A3}.Debug|x64.Build.0 = Debug|x64
		{1E9B57F1-8DC0-4C8A-9D82-954CACB252A3}.Debug|x86.ActiveCfg = Debug|Win32
		{1E9B57F1-8DC0-4C8A-9D82-954CACB252A3}.Debug|x86.Build.0 = Debug|Win32
		{1E9B57F1-8DC0-4C8A-9D82-954CACB252A3}.Release|x64.ActiveCfg = Release|x64
		{1E9B57F1-8DC0-4C8A-9D82-954CACB252A3}.Release|x64.Build.0 = Release|x64
		{1E9B57F1-8DC0-4C8A-9D82-954CACB252A3}.Release|x86.ActiveCfg = Release|Win32
		{1E9B57F1-8DC0-4C8A-9D82-954CACB252A3}.Release|x86.Build.0 = Release|Win32
		{EC09288C-7A49-4450-B94A-D6EFB8BE0C33}.Debug|x64.ActiveCfg = Debug|x64
		{EC09288C-7A49-4450-B94A-D6EFB8BE0C33}.Debug|x64.Build.0 = Debug|x64
		{EC09288C-7A49-4450-B94A-D6EFB8BE0C33}.Debug|x86.ActiveCfg = Debug|Win32
		{EC09288C-7A49-4450-B94A-D6EFB8BE0C33}.Debug|x86.Build.0 = Debug|Win32
		{EC09288C-7A49-4450-B94A-D6EFB8BE0C33}.Release|x64.ActiveCfg = Release|x64
		{EC09288C-7A49-4450-B94A-D6EFB8BE0C33}.Release|x64.Build.0 = Release|x64
		{EC09288C-7A49-4450-B94A-D6EFB8BE0C33}.Release|x86.ActiveCfg = Release|Win32
		{EC09288C-7A49-4450-B94A-D6EFB8BE0C33}.Release|x86.Build.0 = Release|Win32
		{00FCCBC3-436D-421E-9532-862032931996}.Debug|x64.ActiveCfg = Debug|x64
		{00FCCBC3-436D-421E-9532-862032931996}.Debug|x64.Build.0 = Debug|x64
		{00FCCBC3-436D-421E-9532-862032931996}.Debug|x86.ActiveCfg = Debug|Win32
		{00FCCBC3-436D-421E-9532-862032931996}.Debug|x86.Build.0 = Debug|Win32
		{00FCCBC3-436D-421E-9532-862032931996}.Release|x64.ActiveCfg = Release|x64
		{00FCCBC3-436D-421E-9532-862032931996}.Release|x64.Build.0 = Release|x64
		{00FCCBC3-436D-421E-9532-862032931996}.Release|x86.ActiveCfg = Release|Win32
		{00FCCBC3-436D-421E-9532-862032931996}.Release|x86.Build.0 = Release|Win32
		{B6727667-1BBC-4000-9816-F0F35B1C74E2}.Debug|x64.ActiveCfg = Debug|x64
		{B6727667-1BBC-4000-9816-F0F35B1C74E2}.Debug|x64.Build.0 = Debug|x64
		{B6727667-1BBC-4000-9816-F0F35B1C74E2}.Debug|x86.ActiveCfg = Debug|Win32
		{B6727667-1BBC-4000-9816-F0F35B1C74E2}.Debug|x86.Build.0 = Debug|Win32
		{B6727667-1BBC-4000-9816-F0F35B1C74E2}.Release|x64.ActiveCfg = Release|x64
		{B6727667-1BBC-4000-9816-F0F35B1C74E2}.Release|x64.Build.0 = Release|x64
		{B6727667-1BBC-4000-9816-F0F35B1C74E2}.Release|x86.ActiveCfg = Release|Win32
		{B6727667-1BBC-4000-9816-F0F35B1C74E2}.Release|x86.Build.0 = Release|Win32
		{F2D43BA5-E9EC-49FC-A37D-DE6613C17764}.Debug|x64.ActiveCfg = Debug|x64
		{F2D43BA5-E9EC-49FC-A37D-DE6613C17764}.Debug|x64.Build.0 = Debug|x64
		{F2D43BA5-E9EC-49FC-A37D-DE6613C17764}.Debug|x86.ActiveCfg = Debug|Win32
		{F2D43BA5-E9EC-49FC-A37D-DE6613C17764}.Debug|x86.Build.0 = Debug|Win32
		{F2D43BA5-E9EC-49FC-A37D-DE6613C17764}.Release|x64.ActiveCfg = Release|x64
		{F2D43BA5-E9EC-49FC-A37D-DE6613C17764}.Release|x64.Build.0 = Release|x64
		{F2D43BA5-E9EC-49FC-A37D-DE6613C17764}.Release|x86.ActiveCfg = Release|Win32
		{F2D43BA5-E9EC-49FC-A37D-DE6613C17764}.Release|x86.Build.0 = Release|Win32
		{0D6B0EBB-F24A-4D73-9C7F-70DD77CF7FCE}.Debug|x64.ActiveCfg = Debug|x64
		{0D6B0EBB-F24A-4D73-9C7F-70DD77CF7FCE}.Debug|x64.Build.0 = Debug|x64
		{0D6B0EBB-F24A-4D73-9C7F-70DD77CF7FCE}.Debug|x86.ActiveCfg = Debug|Win32
		{0D6B0EBB-F24A-4D73-9C7F-70DD77CF7FCE}.Debug|x86.Build.0 = Debug|Win32
		{0D6B0EBB-F24A-4D73-9C7F-70DD77CF7FCE}.Release|x64.ActiveCfg = Release|x64
		{0D6B0EBB-F24A-4D73-9C7F-70DD77CF7FCE}.Release|x64.Build.0 = Release|x64
		{0D6B0EBB-F24A-4D73-9C7F-70DD77CF7FCE}.Release|x86.ActiveCfg = Release|Win32
		{0D6B0EBB-F24A-4D73-9C7F-70DD77CF7FCE}.Release|x86.Build.0 = Release|Win32
		{98F244E9-9F24-4F7F-8361-55232D9F6FB7}.Debug|x64.ActiveCfg = Debug|x64
		{98F244E9-9F24-4F7F-8361-55232D9F6FB7}.Debug|x64.Build.0 = Debug|x64
		{98F244E9-9F24-4F7F-8361-55232D9F6FB7}.Debug|x86.ActiveCfg = Debug|Win32
		{98F244E9-9F24-4F7F-8361-55232D9F6FB7}.Debug|x86.Build.0 = Debug|Win32
		{98F244E9-9F24-4F7F-8361-55232D9F6FB7}.Release|x64.ActiveCfg = Release|x64
		{98F244E9-9F24-4F7F-8361-55232D9F6FB7}.Release|x64.Build.0 = Release|x64
		{98F244E9-9F24-4F7F-8361-55232D9F6FB7}.Release|x86.ActiveCfg = Release|Win32
		{98F244E9-9F24-4F7F-8361-55232D9F6FB7}.Release|x86.Build.0 = Release|Win32
		{048E8F9B-7ABF-4ECB-9AF6-F61900B72108}.Debug|x64.ActiveCfg = Debug|x64
		{048E8F9B-7ABF-4ECB-9AF6-F61900B72108}.Debug|x64.Build.0 = Debug|x64
		{048E8F9B-7ABF-4ECB-9AF6-F61900B72108}.Debug|x86.ActiveCfg = Debug|Win32
		{048E8F9B-7ABF-4ECB-9AF6-F61900B72108}.Debug|x86.Build.0 = Debug|Win32
		{048E8F9B-7ABF-4ECB-9AF6-F61900B72108}.Release|x64.ActiveCfg = Release|x64
		{048E8F9B-7ABF-4ECB-9AF6-F61900B72108}.Release|x86.ActiveCfg = Release|Win32
		{048E8F9B-7ABF-4ECB-9AF6-F61900B72108}.Release|x86.Build.0 = Release|Win32
		{1ACDF1F4-3D4C-40BF-BF6B-884BAC9E9374}.Debug|x64.ActiveCfg = Debug|x64
		{1ACDF1F4-3D4C-40BF-BF6B-884BAC9E9374}.Debug|x64.Build.0 = Debug|x64
		{1ACDF1F4-3D4C-40BF-BF6B-884BAC9E9374}.Debug|x86.ActiveCfg = Debug|Win32
		{1ACDF1F4-3D4C-40BF-BF6B-884BAC9E9374}.Debug|x86.Build.0 = Debug|Win32
		{1ACDF1F4-3D4C-40BF-BF6B-884BAC9E9374}.Release|x64.ActiveCfg = Release|x64
		{1ACDF1F4-3D4C-40BF-BF6B-884BAC9E9374}.Release|x64.Build.0 = Release|x64
		{1ACDF1F4-3D4C-40BF-BF6B-884BAC9E9374}.Release|x86.ActiveCfg = Release|Win32
		{1ACDF1F4-3D4C-40BF-BF6B-884BAC9E9374}.Release|x86.Build.0 = Release|Win32
		{FA48C463-5F6F-43A5-970E-2AA103123493}.Debug|x64.ActiveCfg = Debug|x64
		{FA48C463-5F6F-43A5-970E-2AA103123493}.Debug|x64.Build.0 = Debug|x64
		{FA48C463-5F6F-43A5-970E-2AA103123493}.Debug|x86.ActiveCfg = Debug|Win32
		{FA48C463-5F6F-43A5-970E-2AA103123493}.Debug|x86.Build.0 = Debug|Win32
		{FA48C463-5F6F-43A5-970E-2AA103123493}.Release|x64.ActiveCfg = Release|x64
		{FA48C463-5F6F-43A5-970E-2AA103123493}.Release|x64.Build.0 = Release|x64
		{FA48C463-5F6F-43A5-970E-2AA103123493}.Release|x86.ActiveCfg = Release|Win32
		{FA48C463-5F6F-43A5-970E-2AA103123493}.Release|x86.Build.0 = Release|Win32
	EndGlobalSection
	GlobalSection(SolutionProperties) = preSolution
		HideSolutionNode = FALSE
	EndGlobalSection
	GlobalSection(ExtensibilityGlobals) = postSolution
		SolutionGuid = {F5746AE6-1957-46D2-87C2-EC2EC9641FE7}
	EndGlobalSection
EndGlobal
